
Microsoft Visual Studio Solution File, Format Version 10.00
# Visual Studio 2008
Project("{FAE04EC0-301F-11D3-BF4B-00C04F79EFBC}") = "jeza.Travian.Tests", "jeza.Travian.Tests\jeza.Travian.Tests.csproj", "{DF76FFC8-65BE-4EE5-8589-6F2C9EA0D356}"
EndProject
Project("{FAE04EC0-301F-11D3-BF4B-00C04F79EFBC}") = "jeza.Travian.Framework", "jeza.Travian.Framework\jeza.Travian.Framework.csproj", "{9E7FAE6A-644F-456A-877D-388C89E04000}"
EndProject
Project("{2150E333-8FDC-42A3-9474-1A3956D46DE8}") = "solution items", "solution items", "{E5F7807E-5AA1-41E6-A8B1-0728B9843DA8}"
	ProjectSection(SolutionItems) = preProject
		jeza.Travian.Tools.4.5.resharper = jeza.Travian.Tools.4.5.resharper
		jeza.Travian.Tools.bat = jeza.Travian.Tools.bat
		jeza.Travian.Tools.build = jeza.Travian.Tools.build
	EndProjectSection
EndProject
Project("{FAE04EC0-301F-11D3-BF4B-00C04F79EFBC}") = "jeza.Travian.GameCenter", "jeza.Travian.GameCenter\jeza.Travian.GameCenter.csproj", "{3F1FB677-E675-43B8-9DEA-14A2E303E73C}"
EndProject
Project("{FAE04EC0-301F-11D3-BF4B-00C04F79EFBC}") = "jeza.Travian.Service", "jeza.Travian.Service\jeza.Travian.Service.csproj", "{042FC7FB-0DEC-47A6-89DF-7B8689B06C04}"
EndProject
Project("{FAE04EC0-301F-11D3-BF4B-00C04F79EFBC}") = "jeza.Travian.Console", "jeza.Travian.Console\jeza.Travian.Console.csproj", "{EE267B37-3B9F-459D-A019-E9A71EBB6A3B}"
EndProject
Global
	GlobalSection(SubversionScc) = preSolution
		Svn-Managed = True
		Manager = AnkhSVN - Subversion Support for Visual Studio
	EndGlobalSection
	GlobalSection(SolutionConfigurationPlatforms) = preSolution
		Debug|Any CPU = Debug|Any CPU
		Release|Any CPU = Release|Any CPU
	EndGlobalSection
	GlobalSection(ProjectConfigurationPlatforms) = postSolution
		{DF76FFC8-65BE-4EE5-8589-6F2C9EA0D356}.Debug|Any CPU.ActiveCfg = Debug|Any CPU
		{DF76FFC8-65BE-4EE5-8589-6F2C9EA0D356}.Debug|Any CPU.Build.0 = Debug|Any CPU
		{DF76FFC8-65BE-4EE5-8589-6F2C9EA0D356}.Release|Any CPU.ActiveCfg = Release|Any CPU
		{DF76FFC8-65BE-4EE5-8589-6F2C9EA0D356}.Release|Any CPU.Build.0 = Release|Any CPU
		{9E7FAE6A-644F-456A-877D-388C89E04000}.Debug|Any CPU.ActiveCfg = Debug|Any CPU
		{9E7FAE6A-644F-456A-877D-388C89E04000}.Debug|Any CPU.Build.0 = Debug|Any CPU
		{9E7FAE6A-644F-456A-877D-388C89E04000}.Release|Any CPU.ActiveCfg = Release|Any CPU
		{9E7FAE6A-644F-456A-877D-388C89E04000}.Release|Any CPU.Build.0 = Release|Any CPU
		{3F1FB677-E675-43B8-9DEA-14A2E303E73C}.Debug|Any CPU.ActiveCfg = Debug|Any CPU
		{3F1FB677-E675-43B8-9DEA-14A2E303E73C}.Debug|Any CPU.Build.0 = Debug|Any CPU
		{3F1FB677-E675-43B8-9DEA-14A2E303E73C}.Release|Any CPU.ActiveCfg = Release|Any CPU
		{3F1FB677-E675-43B8-9DEA-14A2E303E73C}.Release|Any CPU.Build.0 = Release|Any CPU
		{042FC7FB-0DEC-47A6-89DF-7B8689B06C04}.Debug|Any CPU.ActiveCfg = Debug|Any CPU
		{042FC7FB-0DEC-47A6-89DF-7B8689B06C04}.Debug|Any CPU.Build.0 = Debug|Any CPU
		{042FC7FB-0DEC-47A6-89DF-7B8689B06C04}.Release|Any CPU.ActiveCfg = Release|Any CPU
		{042FC7FB-0DEC-47A6-89DF-7B8689B06C04}.Release|Any CPU.Build.0 = Release|Any CPU
		{EE267B37-3B9F-459D-A019-E9A71EBB6A3B}.Debug|Any CPU.ActiveCfg = Debug|Any CPU
		{EE267B37-3B9F-459D-A019-E9A71EBB6A3B}.Debug|Any CPU.Build.0 = Debug|Any CPU
		{EE267B37-3B9F-459D-A019-E9A71EBB6A3B}.Release|Any CPU.ActiveCfg = Release|Any CPU
		{EE267B37-3B9F-459D-A019-E9A71EBB6A3B}.Release|Any CPU.Build.0 = Release|Any CPU
	EndGlobalSection
	GlobalSection(SolutionProperties) = preSolution
		HideSolutionNode = FALSE
	EndGlobalSection
EndGlobal
