
Microsoft Visual Studio Solution File, Format Version 11.00
# Visual Studio 2010
Project("{FAE04EC0-301F-11D3-BF4B-00C04F79EFBC}") = "jeza.PayRemember.Gui", "jeza.PayRemember.Gui\jeza.PayRemember.Gui.csproj", "{6E8BB529-AFC0-4896-B3CB-AE03C2CFB7C0}"
EndProject
Project("{FAE04EC0-301F-11D3-BF4B-00C04F79EFBC}") = "jeza.PayRemember.ControlLibrary", "jeza.PayRemember.ControlLibrary\jeza.PayRemember.ControlLibrary.csproj", "{496C07BC-1232-49BF-AC2E-35C576935471}"
EndProject
Project("{FAE04EC0-301F-11D3-BF4B-00C04F79EFBC}") = "jeza.PayRemember", "jeza.PayRemember\jeza.PayRemember.csproj", "{FFFA40BA-E4B2-4DC8-9901-8E01667C290A}"
EndProject
Project("{FAE04EC0-301F-11D3-BF4B-00C04F79EFBC}") = "jeza.PayRemember.Tests", "jeza.PayRemember.Tests\jeza.PayRemember.Tests.csproj", "{942C908B-351F-440A-B32C-A37B75F23B15}"
EndProject
Global
	GlobalSection(SubversionScc) = preSolution
		Svn-Managed = True
		Manager = AnkhSVN - Subversion Support for Visual Studio
	EndGlobalSection
	GlobalSection(SolutionConfigurationPlatforms) = preSolution
		Debug|Any CPU = Debug|Any CPU
		Debug|Mixed Platforms = Debug|Mixed Platforms
		Debug|x86 = Debug|x86
		Release|Any CPU = Release|Any CPU
		Release|Mixed Platforms = Release|Mixed Platforms
		Release|x86 = Release|x86
	EndGlobalSection
	GlobalSection(ProjectConfigurationPlatforms) = postSolution
		{6E8BB529-AFC0-4896-B3CB-AE03C2CFB7C0}.Debug|Any CPU.ActiveCfg = Debug|x86
		{6E8BB529-AFC0-4896-B3CB-AE03C2CFB7C0}.Debug|Mixed Platforms.ActiveCfg = Debug|x86
		{6E8BB529-AFC0-4896-B3CB-AE03C2CFB7C0}.Debug|Mixed Platforms.Build.0 = Debug|x86
		{6E8BB529-AFC0-4896-B3CB-AE03C2CFB7C0}.Debug|x86.ActiveCfg = Debug|x86
		{6E8BB529-AFC0-4896-B3CB-AE03C2CFB7C0}.Debug|x86.Build.0 = Debug|x86
		{6E8BB529-AFC0-4896-B3CB-AE03C2CFB7C0}.Release|Any CPU.ActiveCfg = Release|x86
		{6E8BB529-AFC0-4896-B3CB-AE03C2CFB7C0}.Release|Mixed Platforms.ActiveCfg = Release|x86
		{6E8BB529-AFC0-4896-B3CB-AE03C2CFB7C0}.Release|Mixed Platforms.Build.0 = Release|x86
		{6E8BB529-AFC0-4896-B3CB-AE03C2CFB7C0}.Release|x86.ActiveCfg = Release|x86
		{6E8BB529-AFC0-4896-B3CB-AE03C2CFB7C0}.Release|x86.Build.0 = Release|x86
		{496C07BC-1232-49BF-AC2E-35C576935471}.Debug|Any CPU.ActiveCfg = Debug|Any CPU
		{496C07BC-1232-49BF-AC2E-35C576935471}.Debug|Any CPU.Build.0 = Debug|Any CPU
		{496C07BC-1232-49BF-AC2E-35C576935471}.Debug|Mixed Platforms.ActiveCfg = Debug|Any CPU
		{496C07BC-1232-49BF-AC2E-35C576935471}.Debug|Mixed Platforms.Build.0 = Debug|Any CPU
		{496C07BC-1232-49BF-AC2E-35C576935471}.Debug|x86.ActiveCfg = Debug|Any CPU
		{496C07BC-1232-49BF-AC2E-35C576935471}.Release|Any CPU.ActiveCfg = Release|Any CPU
		{496C07BC-1232-49BF-AC2E-35C576935471}.Release|Any CPU.Build.0 = Release|Any CPU
		{496C07BC-1232-49BF-AC2E-35C576935471}.Release|Mixed Platforms.ActiveCfg = Release|Any CPU
		{496C07BC-1232-49BF-AC2E-35C576935471}.Release|Mixed Platforms.Build.0 = Release|Any CPU
		{496C07BC-1232-49BF-AC2E-35C576935471}.Release|x86.ActiveCfg = Release|Any CPU
		{FFFA40BA-E4B2-4DC8-9901-8E01667C290A}.Debug|Any CPU.ActiveCfg = Debug|Any CPU
		{FFFA40BA-E4B2-4DC8-9901-8E01667C290A}.Debug|Any CPU.Build.0 = Debug|Any CPU
		{FFFA40BA-E4B2-4DC8-9901-8E01667C290A}.Debug|Mixed Platforms.ActiveCfg = Debug|Any CPU
		{FFFA40BA-E4B2-4DC8-9901-8E01667C290A}.Debug|Mixed Platforms.Build.0 = Debug|Any CPU
		{FFFA40BA-E4B2-4DC8-9901-8E01667C290A}.Debug|x86.ActiveCfg = Debug|Any CPU
		{FFFA40BA-E4B2-4DC8-9901-8E01667C290A}.Release|Any CPU.ActiveCfg = Release|Any CPU
		{FFFA40BA-E4B2-4DC8-9901-8E01667C290A}.Release|Any CPU.Build.0 = Release|Any CPU
		{FFFA40BA-E4B2-4DC8-9901-8E01667C290A}.Release|Mixed Platforms.ActiveCfg = Release|Any CPU
		{FFFA40BA-E4B2-4DC8-9901-8E01667C290A}.Release|Mixed Platforms.Build.0 = Release|Any CPU
		{FFFA40BA-E4B2-4DC8-9901-8E01667C290A}.Release|x86.ActiveCfg = Release|Any CPU
		{942C908B-351F-440A-B32C-A37B75F23B15}.Debug|Any CPU.ActiveCfg = Debug|Any CPU
		{942C908B-351F-440A-B32C-A37B75F23B15}.Debug|Any CPU.Build.0 = Debug|Any CPU
		{942C908B-351F-440A-B32C-A37B75F23B15}.Debug|Mixed Platforms.ActiveCfg = Debug|Any CPU
		{942C908B-351F-440A-B32C-A37B75F23B15}.Debug|Mixed Platforms.Build.0 = Debug|Any CPU
		{942C908B-351F-440A-B32C-A37B75F23B15}.Debug|x86.ActiveCfg = Debug|Any CPU
		{942C908B-351F-440A-B32C-A37B75F23B15}.Release|Any CPU.ActiveCfg = Release|Any CPU
		{942C908B-351F-440A-B32C-A37B75F23B15}.Release|Any CPU.Build.0 = Release|Any CPU
		{942C908B-351F-440A-B32C-A37B75F23B15}.Release|Mixed Platforms.ActiveCfg = Release|Any CPU
		{942C908B-351F-440A-B32C-A37B75F23B15}.Release|Mixed Platforms.Build.0 = Release|Any CPU
		{942C908B-351F-440A-B32C-A37B75F23B15}.Release|x86.ActiveCfg = Release|Any CPU
	EndGlobalSection
	GlobalSection(SolutionProperties) = preSolution
		HideSolutionNode = FALSE
	EndGlobalSection
EndGlobal
