
Microsoft Visual Studio Solution File, Format Version 10.00
# Visual Studio 2008
Project("{FAE04EC0-301F-11D3-BF4B-00C04F79EFBC}") = "ProductTracker", "ProductTracker\ProductTracker.csproj", "{457DD7CE-9D5C-415F-89CA-D8EB4B1AD33B}"
EndProject
Project("{FAE04EC0-301F-11D3-BF4B-00C04F79EFBC}") = "ProductTracker.Web", "ProductTracker.Web\ProductTracker.Web.csproj", "{7BCA1334-10A4-4859-97B2-90A34D99E704}"
EndProject
Project("{FAE04EC0-301F-11D3-BF4B-00C04F79EFBC}") = "ProductTracker.Tests", "ProductTracker.Tests\ProductTracker.Tests.csproj", "{BF3E85E1-313D-4724-A29D-446034CB96F6}"
EndProject
Project("{2150E333-8FDC-42A3-9474-1A3956D46DE8}") = "Slution Items", "Slution Items", "{F373F871-D9ED-43E8-9167-51EC2A2CC1FE}"
	ProjectSection(SolutionItems) = preProject
		nant.bat = nant.bat
		ProductTracker.build = ProductTracker.build
		ProductTracker.Db\ProductTracker.db3 = ProductTracker.Db\ProductTracker.db3
	EndProjectSection
EndProject
Project("{54435603-DBB4-11D2-8724-00A0C9A8B90C}") = "ProductTracker.Setup", "ProductTracker.Setup\ProductTracker.Setup.vdproj", "{7E5D5E8F-0ADC-4E1C-B990-185B88EAD857}"
EndProject
Global
	GlobalSection(SolutionConfigurationPlatforms) = preSolution
		Debug|Any CPU = Debug|Any CPU
		Release|Any CPU = Release|Any CPU
	EndGlobalSection
	GlobalSection(ProjectConfigurationPlatforms) = postSolution
		{457DD7CE-9D5C-415F-89CA-D8EB4B1AD33B}.Debug|Any CPU.ActiveCfg = Debug|Any CPU
		{457DD7CE-9D5C-415F-89CA-D8EB4B1AD33B}.Debug|Any CPU.Build.0 = Debug|Any CPU
		{457DD7CE-9D5C-415F-89CA-D8EB4B1AD33B}.Release|Any CPU.ActiveCfg = Release|Any CPU
		{457DD7CE-9D5C-415F-89CA-D8EB4B1AD33B}.Release|Any CPU.Build.0 = Release|Any CPU
		{7BCA1334-10A4-4859-97B2-90A34D99E704}.Debug|Any CPU.ActiveCfg = Debug|Any CPU
		{7BCA1334-10A4-4859-97B2-90A34D99E704}.Debug|Any CPU.Build.0 = Debug|Any CPU
		{7BCA1334-10A4-4859-97B2-90A34D99E704}.Release|Any CPU.ActiveCfg = Release|Any CPU
		{7BCA1334-10A4-4859-97B2-90A34D99E704}.Release|Any CPU.Build.0 = Release|Any CPU
		{BF3E85E1-313D-4724-A29D-446034CB96F6}.Debug|Any CPU.ActiveCfg = Debug|Any CPU
		{BF3E85E1-313D-4724-A29D-446034CB96F6}.Debug|Any CPU.Build.0 = Debug|Any CPU
		{BF3E85E1-313D-4724-A29D-446034CB96F6}.Release|Any CPU.ActiveCfg = Release|Any CPU
		{BF3E85E1-313D-4724-A29D-446034CB96F6}.Release|Any CPU.Build.0 = Release|Any CPU
		{7E5D5E8F-0ADC-4E1C-B990-185B88EAD857}.Debug|Any CPU.ActiveCfg = Debug
		{7E5D5E8F-0ADC-4E1C-B990-185B88EAD857}.Debug|Any CPU.Build.0 = Debug
		{7E5D5E8F-0ADC-4E1C-B990-185B88EAD857}.Release|Any CPU.ActiveCfg = Release
	EndGlobalSection
	GlobalSection(SolutionProperties) = preSolution
		HideSolutionNode = FALSE
	EndGlobalSection
EndGlobal
