
Microsoft Visual Studio Solution File, Format Version 9.00
# Visual Studio 2005
Project("{FAE04EC0-301F-11D3-BF4B-00C04F79EFBC}") = "Console", "Console\Console.csproj", "{55D93A84-88D6-4901-82C3-AEC47F1FBB67}"
EndProject
Project("{FAE04EC0-301F-11D3-BF4B-00C04F79EFBC}") = "GUI", "GUI\GUI.csproj", "{5897838F-CB9E-4035-BCD9-DDA58CED1B39}"
EndProject
Project("{FAE04EC0-301F-11D3-BF4B-00C04F79EFBC}") = "Library", "Library\Library.csproj", "{20B697FC-62B7-4859-8FC6-804A30788296}"
EndProject
Project("{FAE04EC0-301F-11D3-BF4B-00C04F79EFBC}") = "Service", "Service\Service.csproj", "{0C4BAE87-FA5A-4BD5-A762-9666FF24E7FB}"
EndProject
Global
	GlobalSection(SolutionConfigurationPlatforms) = preSolution
		Debug|Any CPU = Debug|Any CPU
		Release|Any CPU = Release|Any CPU
	EndGlobalSection
	GlobalSection(ProjectConfigurationPlatforms) = postSolution
		{55D93A84-88D6-4901-82C3-AEC47F1FBB67}.Debug|Any CPU.ActiveCfg = Debug|Any CPU
		{55D93A84-88D6-4901-82C3-AEC47F1FBB67}.Debug|Any CPU.Build.0 = Debug|Any CPU
		{55D93A84-88D6-4901-82C3-AEC47F1FBB67}.Release|Any CPU.ActiveCfg = Release|Any CPU
		{55D93A84-88D6-4901-82C3-AEC47F1FBB67}.Release|Any CPU.Build.0 = Release|Any CPU
		{5897838F-CB9E-4035-BCD9-DDA58CED1B39}.Debug|Any CPU.ActiveCfg = Debug|Any CPU
		{5897838F-CB9E-4035-BCD9-DDA58CED1B39}.Debug|Any CPU.Build.0 = Debug|Any CPU
		{5897838F-CB9E-4035-BCD9-DDA58CED1B39}.Release|Any CPU.ActiveCfg = Release|Any CPU
		{5897838F-CB9E-4035-BCD9-DDA58CED1B39}.Release|Any CPU.Build.0 = Release|Any CPU
		{20B697FC-62B7-4859-8FC6-804A30788296}.Debug|Any CPU.ActiveCfg = Debug|Any CPU
		{20B697FC-62B7-4859-8FC6-804A30788296}.Debug|Any CPU.Build.0 = Debug|Any CPU
		{20B697FC-62B7-4859-8FC6-804A30788296}.Release|Any CPU.ActiveCfg = Release|Any CPU
		{20B697FC-62B7-4859-8FC6-804A30788296}.Release|Any CPU.Build.0 = Release|Any CPU
		{0C4BAE87-FA5A-4BD5-A762-9666FF24E7FB}.Debug|Any CPU.ActiveCfg = Debug|Any CPU
		{0C4BAE87-FA5A-4BD5-A762-9666FF24E7FB}.Debug|Any CPU.Build.0 = Debug|Any CPU
		{0C4BAE87-FA5A-4BD5-A762-9666FF24E7FB}.Release|Any CPU.ActiveCfg = Release|Any CPU
		{0C4BAE87-FA5A-4BD5-A762-9666FF24E7FB}.Release|Any CPU.Build.0 = Release|Any CPU
	EndGlobalSection
	GlobalSection(SolutionProperties) = preSolution
		HideSolutionNode = FALSE
	EndGlobalSection
EndGlobal
