
Microsoft Visual Studio Solution File, Format Version 10.00
# Visual Studio 2008
Project("{FAE04EC0-301F-11D3-BF4B-00C04F79EFBC}") = "TravianPlayer.Framework", "TravianPlayer.Framework\TravianPlayer.Framework.csproj", "{DC49EFE7-07E5-4C35-9B85-E3186474FFBD}"
EndProject
Project("{FAE04EC0-301F-11D3-BF4B-00C04F79EFBC}") = "TravianPlayer.Console", "TravianPlayer.Console\TravianPlayer.Console.csproj", "{300401E9-A39E-4E91-A68E-7ED723B33095}"
EndProject
Global
	GlobalSection(SolutionConfigurationPlatforms) = preSolution
		Debug|Any CPU = Debug|Any CPU
		Release|Any CPU = Release|Any CPU
	EndGlobalSection
	GlobalSection(ProjectConfigurationPlatforms) = postSolution
		{DC49EFE7-07E5-4C35-9B85-E3186474FFBD}.Debug|Any CPU.ActiveCfg = Debug|Any CPU
		{DC49EFE7-07E5-4C35-9B85-E3186474FFBD}.Debug|Any CPU.Build.0 = Debug|Any CPU
		{DC49EFE7-07E5-4C35-9B85-E3186474FFBD}.Release|Any CPU.ActiveCfg = Release|Any CPU
		{DC49EFE7-07E5-4C35-9B85-E3186474FFBD}.Release|Any CPU.Build.0 = Release|Any CPU
		{300401E9-A39E-4E91-A68E-7ED723B33095}.Debug|Any CPU.ActiveCfg = Debug|Any CPU
		{300401E9-A39E-4E91-A68E-7ED723B33095}.Debug|Any CPU.Build.0 = Debug|Any CPU
		{300401E9-A39E-4E91-A68E-7ED723B33095}.Release|Any CPU.ActiveCfg = Release|Any CPU
		{300401E9-A39E-4E91-A68E-7ED723B33095}.Release|Any CPU.Build.0 = Release|Any CPU
	EndGlobalSection
	GlobalSection(SolutionProperties) = preSolution
		HideSolutionNode = FALSE
	EndGlobalSection
EndGlobal
