
Microsoft Visual Studio Solution File, Format Version 11.00
# Visual Studio 2010
Project("{FAE04EC0-301F-11D3-BF4B-00C04F79EFBC}") = "jeza.ToDoList", "jeza.ToDoList\jeza.ToDoList.csproj", "{21EEBD36-D230-46FA-BCB6-B0D7597E13FE}"
EndProject
Project("{FAE04EC0-301F-11D3-BF4B-00C04F79EFBC}") = "jeza.ToDoList.Console", "jeza.ToDoList.Console\jeza.ToDoList.Console.csproj", "{2E1B5F3A-10BF-4288-A7DE-027F81593B51}"
EndProject
Global
	GlobalSection(SolutionConfigurationPlatforms) = preSolution
		Debug|Any CPU = Debug|Any CPU
		Debug|Mixed Platforms = Debug|Mixed Platforms
		Debug|x86 = Debug|x86
		Release|Any CPU = Release|Any CPU
		Release|Mixed Platforms = Release|Mixed Platforms
		Release|x86 = Release|x86
	EndGlobalSection
	GlobalSection(ProjectConfigurationPlatforms) = postSolution
		{21EEBD36-D230-46FA-BCB6-B0D7597E13FE}.Debug|Any CPU.ActiveCfg = Debug|Any CPU
		{21EEBD36-D230-46FA-BCB6-B0D7597E13FE}.Debug|Any CPU.Build.0 = Debug|Any CPU
		{21EEBD36-D230-46FA-BCB6-B0D7597E13FE}.Debug|Mixed Platforms.ActiveCfg = Debug|Any CPU
		{21EEBD36-D230-46FA-BCB6-B0D7597E13FE}.Debug|Mixed Platforms.Build.0 = Debug|Any CPU
		{21EEBD36-D230-46FA-BCB6-B0D7597E13FE}.Debug|x86.ActiveCfg = Debug|Any CPU
		{21EEBD36-D230-46FA-BCB6-B0D7597E13FE}.Release|Any CPU.ActiveCfg = Release|Any CPU
		{21EEBD36-D230-46FA-BCB6-B0D7597E13FE}.Release|Any CPU.Build.0 = Release|Any CPU
		{21EEBD36-D230-46FA-BCB6-B0D7597E13FE}.Release|Mixed Platforms.ActiveCfg = Release|Any CPU
		{21EEBD36-D230-46FA-BCB6-B0D7597E13FE}.Release|Mixed Platforms.Build.0 = Release|Any CPU
		{21EEBD36-D230-46FA-BCB6-B0D7597E13FE}.Release|x86.ActiveCfg = Release|Any CPU
		{2E1B5F3A-10BF-4288-A7DE-027F81593B51}.Debug|Any CPU.ActiveCfg = Debug|x86
		{2E1B5F3A-10BF-4288-A7DE-027F81593B51}.Debug|Mixed Platforms.ActiveCfg = Debug|x86
		{2E1B5F3A-10BF-4288-A7DE-027F81593B51}.Debug|Mixed Platforms.Build.0 = Debug|x86
		{2E1B5F3A-10BF-4288-A7DE-027F81593B51}.Debug|x86.ActiveCfg = Debug|x86
		{2E1B5F3A-10BF-4288-A7DE-027F81593B51}.Debug|x86.Build.0 = Debug|x86
		{2E1B5F3A-10BF-4288-A7DE-027F81593B51}.Release|Any CPU.ActiveCfg = Release|x86
		{2E1B5F3A-10BF-4288-A7DE-027F81593B51}.Release|Mixed Platforms.ActiveCfg = Release|x86
		{2E1B5F3A-10BF-4288-A7DE-027F81593B51}.Release|Mixed Platforms.Build.0 = Release|x86
		{2E1B5F3A-10BF-4288-A7DE-027F81593B51}.Release|x86.ActiveCfg = Release|x86
		{2E1B5F3A-10BF-4288-A7DE-027F81593B51}.Release|x86.Build.0 = Release|x86
	EndGlobalSection
	GlobalSection(SolutionProperties) = preSolution
		HideSolutionNode = FALSE
	EndGlobalSection
EndGlobal
