
Microsoft Visual Studio Solution File, Format Version 11.00
# Visual Studio 2010
Project("{2150E333-8FDC-42A3-9474-1A3956D46DE8}") = "Solution items", "Solution items", "{8CA77A16-B086-4727-AEF1-4FF68895C325}"
	ProjectSection(SolutionItems) = preProject
		AssemblyFileInfo.cs = AssemblyFileInfo.cs
		build.bat = build.bat
		Formating.txt = Formating.txt
		jeza.ioFTPD.Tools.msbuild = jeza.ioFTPD.Tools.msbuild
		RunTests.bat = RunTests.bat
		ToDo.txt = ToDo.txt
		TrialQuotaSchema.xsd = TrialQuotaSchema.xsd
		Upgrade.txt = Upgrade.txt
		XMLSchema.xsd = XMLSchema.xsd
	EndProjectSection
EndProject
Project("{FAE04EC0-301F-11D3-BF4B-00C04F79EFBC}") = "jeza.ioFTPD.ZipScript", "jeza.ioFTPD.ZipScript\jeza.ioFTPD.ZipScript.csproj", "{4C916287-0460-4FBF-AFA4-B859D03362BB}"
EndProject
Project("{FAE04EC0-301F-11D3-BF4B-00C04F79EFBC}") = "jeza.ioFTPD.Framework", "jeza.ioFTPD.Framework\jeza.ioFTPD.Framework.csproj", "{C03CAA07-CF29-4B13-B0B4-94EECB6C33C4}"
EndProject
Project("{FAE04EC0-301F-11D3-BF4B-00C04F79EFBC}") = "jeza.ioFTPD.Tests", "jeza.ioFTPD.Tests\jeza.ioFTPD.Tests.csproj", "{62C6B033-8726-4B1D-ACA2-FD2D5521E570}"
EndProject
Project("{FAE04EC0-301F-11D3-BF4B-00C04F79EFBC}") = "jeza.ioFTPD.Archive", "jeza.ioFTPD.Archive\jeza.ioFTPD.Archive.csproj", "{99D40587-4522-4B22-A424-26A7B1D56EEA}"
EndProject
Project("{FAE04EC0-301F-11D3-BF4B-00C04F79EFBC}") = "jeza.ioFTPD.Manager", "jeza.ioFTPD.Manager\jeza.ioFTPD.Manager.csproj", "{3F8981AD-2988-46D3-97F9-7F2BBEF88E14}"
EndProject
Project("{2150E333-8FDC-42A3-9474-1A3956D46DE8}") = "SiteBot", "SiteBot", "{DE82DE86-9641-4895-B971-B30C39F0EB37}"
	ProjectSection(SolutionItems) = preProject
		jScripts.TCL\ftplib.tcl = jScripts.TCL\ftplib.tcl
		jScripts.TCL\jFTP.conf = jScripts.TCL\jFTP.conf
		jScripts.TCL\jFTP.tcl = jScripts.TCL\jFTP.tcl
		jScripts.TCL\jSB.conf = jScripts.TCL\jSB.conf
		jScripts.TCL\jSB.tcl = jScripts.TCL\jSB.tcl
		jScripts.TCL\jScripts.conf = jScripts.TCL\jScripts.conf
		jScripts.TCL\jScripts.tcl = jScripts.TCL\jScripts.tcl
		jScripts.TCL\jTQ.conf = jScripts.TCL\jTQ.conf
		jScripts.TCL\jTQ.tcl = jScripts.TCL\jTQ.tcl
		jScripts.TCL\mysql.sql = jScripts.TCL\mysql.sql
		jScripts.TCL\update.txt = jScripts.TCL\update.txt
	EndProjectSection
EndProject
Project("{2150E333-8FDC-42A3-9474-1A3956D46DE8}") = "todo", "todo", "{7F773E09-685E-4AA7-BD39-F6B2BEBF780A}"
	ProjectSection(SolutionItems) = preProject
		jScripts.TCL\todo\Todo.txt = jScripts.TCL\todo\Todo.txt
	EndProjectSection
EndProject
Project("{2150E333-8FDC-42A3-9474-1A3956D46DE8}") = "triggers", "triggers", "{EDE8BF87-586F-4584-83BA-7184D80956F3}"
	ProjectSection(SolutionItems) = preProject
		jScripts.TCL\triggers\help.txt = jScripts.TCL\triggers\help.txt
		jScripts.TCL\triggers\news.txt = jScripts.TCL\triggers\news.txt
	EndProjectSection
EndProject
Project("{FAE04EC0-301F-11D3-BF4B-00C04F79EFBC}") = "jeza.ioFTPD.Trial", "jeza.ioFTPD.Trial\jeza.ioFTPD.Trial.csproj", "{36122163-CF85-47EE-9FB0-C7E75D91CDB4}"
EndProject
Global
	GlobalSection(SubversionScc) = preSolution
		Svn-Managed = True
		Manager = AnkhSVN - Subversion Support for Visual Studio
	EndGlobalSection
	GlobalSection(SolutionConfigurationPlatforms) = preSolution
		Debug|Any CPU = Debug|Any CPU
		Debug|Mixed Platforms = Debug|Mixed Platforms
		Debug|Win32 = Debug|Win32
		Debug|x86 = Debug|x86
		Release|Any CPU = Release|Any CPU
		Release|Mixed Platforms = Release|Mixed Platforms
		Release|Win32 = Release|Win32
		Release|x86 = Release|x86
	EndGlobalSection
	GlobalSection(ProjectConfigurationPlatforms) = postSolution
		{4C916287-0460-4FBF-AFA4-B859D03362BB}.Debug|Any CPU.ActiveCfg = Release|Any CPU
		{4C916287-0460-4FBF-AFA4-B859D03362BB}.Debug|Any CPU.Build.0 = Release|Any CPU
		{4C916287-0460-4FBF-AFA4-B859D03362BB}.Debug|Mixed Platforms.ActiveCfg = Debug|Any CPU
		{4C916287-0460-4FBF-AFA4-B859D03362BB}.Debug|Mixed Platforms.Build.0 = Debug|Any CPU
		{4C916287-0460-4FBF-AFA4-B859D03362BB}.Debug|Win32.ActiveCfg = Debug|Any CPU
		{4C916287-0460-4FBF-AFA4-B859D03362BB}.Debug|x86.ActiveCfg = Debug|x86
		{4C916287-0460-4FBF-AFA4-B859D03362BB}.Debug|x86.Build.0 = Debug|x86
		{4C916287-0460-4FBF-AFA4-B859D03362BB}.Release|Any CPU.ActiveCfg = Release|Any CPU
		{4C916287-0460-4FBF-AFA4-B859D03362BB}.Release|Any CPU.Build.0 = Release|Any CPU
		{4C916287-0460-4FBF-AFA4-B859D03362BB}.Release|Mixed Platforms.ActiveCfg = Release|Any CPU
		{4C916287-0460-4FBF-AFA4-B859D03362BB}.Release|Mixed Platforms.Build.0 = Release|Any CPU
		{4C916287-0460-4FBF-AFA4-B859D03362BB}.Release|Win32.ActiveCfg = Release|Any CPU
		{4C916287-0460-4FBF-AFA4-B859D03362BB}.Release|x86.ActiveCfg = Release|Any CPU
		{C03CAA07-CF29-4B13-B0B4-94EECB6C33C4}.Debug|Any CPU.ActiveCfg = Release|Any CPU
		{C03CAA07-CF29-4B13-B0B4-94EECB6C33C4}.Debug|Any CPU.Build.0 = Release|Any CPU
		{C03CAA07-CF29-4B13-B0B4-94EECB6C33C4}.Debug|Mixed Platforms.ActiveCfg = Debug|Any CPU
		{C03CAA07-CF29-4B13-B0B4-94EECB6C33C4}.Debug|Mixed Platforms.Build.0 = Debug|Any CPU
		{C03CAA07-CF29-4B13-B0B4-94EECB6C33C4}.Debug|Win32.ActiveCfg = Debug|Any CPU
		{C03CAA07-CF29-4B13-B0B4-94EECB6C33C4}.Debug|x86.ActiveCfg = Debug|x86
		{C03CAA07-CF29-4B13-B0B4-94EECB6C33C4}.Debug|x86.Build.0 = Debug|x86
		{C03CAA07-CF29-4B13-B0B4-94EECB6C33C4}.Release|Any CPU.ActiveCfg = Release|Any CPU
		{C03CAA07-CF29-4B13-B0B4-94EECB6C33C4}.Release|Any CPU.Build.0 = Release|Any CPU
		{C03CAA07-CF29-4B13-B0B4-94EECB6C33C4}.Release|Mixed Platforms.ActiveCfg = Release|Any CPU
		{C03CAA07-CF29-4B13-B0B4-94EECB6C33C4}.Release|Mixed Platforms.Build.0 = Release|Any CPU
		{C03CAA07-CF29-4B13-B0B4-94EECB6C33C4}.Release|Win32.ActiveCfg = Release|Any CPU
		{C03CAA07-CF29-4B13-B0B4-94EECB6C33C4}.Release|x86.ActiveCfg = Release|Any CPU
		{62C6B033-8726-4B1D-ACA2-FD2D5521E570}.Debug|Any CPU.ActiveCfg = Release|Any CPU
		{62C6B033-8726-4B1D-ACA2-FD2D5521E570}.Debug|Any CPU.Build.0 = Release|Any CPU
		{62C6B033-8726-4B1D-ACA2-FD2D5521E570}.Debug|Mixed Platforms.ActiveCfg = Debug|Any CPU
		{62C6B033-8726-4B1D-ACA2-FD2D5521E570}.Debug|Mixed Platforms.Build.0 = Debug|Any CPU
		{62C6B033-8726-4B1D-ACA2-FD2D5521E570}.Debug|Win32.ActiveCfg = Debug|Any CPU
		{62C6B033-8726-4B1D-ACA2-FD2D5521E570}.Debug|x86.ActiveCfg = Debug|x86
		{62C6B033-8726-4B1D-ACA2-FD2D5521E570}.Debug|x86.Build.0 = Debug|x86
		{62C6B033-8726-4B1D-ACA2-FD2D5521E570}.Release|Any CPU.ActiveCfg = Release|Any CPU
		{62C6B033-8726-4B1D-ACA2-FD2D5521E570}.Release|Any CPU.Build.0 = Release|Any CPU
		{62C6B033-8726-4B1D-ACA2-FD2D5521E570}.Release|Mixed Platforms.ActiveCfg = Release|Any CPU
		{62C6B033-8726-4B1D-ACA2-FD2D5521E570}.Release|Mixed Platforms.Build.0 = Release|Any CPU
		{62C6B033-8726-4B1D-ACA2-FD2D5521E570}.Release|Win32.ActiveCfg = Release|Any CPU
		{62C6B033-8726-4B1D-ACA2-FD2D5521E570}.Release|x86.ActiveCfg = Release|Any CPU
		{99D40587-4522-4B22-A424-26A7B1D56EEA}.Debug|Any CPU.ActiveCfg = Release|Any CPU
		{99D40587-4522-4B22-A424-26A7B1D56EEA}.Debug|Any CPU.Build.0 = Release|Any CPU
		{99D40587-4522-4B22-A424-26A7B1D56EEA}.Debug|Mixed Platforms.ActiveCfg = Debug|Any CPU
		{99D40587-4522-4B22-A424-26A7B1D56EEA}.Debug|Mixed Platforms.Build.0 = Debug|Any CPU
		{99D40587-4522-4B22-A424-26A7B1D56EEA}.Debug|Win32.ActiveCfg = Debug|Any CPU
		{99D40587-4522-4B22-A424-26A7B1D56EEA}.Debug|x86.ActiveCfg = Debug|x86
		{99D40587-4522-4B22-A424-26A7B1D56EEA}.Debug|x86.Build.0 = Debug|x86
		{99D40587-4522-4B22-A424-26A7B1D56EEA}.Release|Any CPU.ActiveCfg = Release|Any CPU
		{99D40587-4522-4B22-A424-26A7B1D56EEA}.Release|Any CPU.Build.0 = Release|Any CPU
		{99D40587-4522-4B22-A424-26A7B1D56EEA}.Release|Mixed Platforms.ActiveCfg = Release|Any CPU
		{99D40587-4522-4B22-A424-26A7B1D56EEA}.Release|Mixed Platforms.Build.0 = Release|Any CPU
		{99D40587-4522-4B22-A424-26A7B1D56EEA}.Release|Win32.ActiveCfg = Release|Any CPU
		{99D40587-4522-4B22-A424-26A7B1D56EEA}.Release|x86.ActiveCfg = Release|Any CPU
		{3F8981AD-2988-46D3-97F9-7F2BBEF88E14}.Debug|Any CPU.ActiveCfg = Release|Any CPU
		{3F8981AD-2988-46D3-97F9-7F2BBEF88E14}.Debug|Any CPU.Build.0 = Release|Any CPU
		{3F8981AD-2988-46D3-97F9-7F2BBEF88E14}.Debug|Mixed Platforms.ActiveCfg = Debug|Any CPU
		{3F8981AD-2988-46D3-97F9-7F2BBEF88E14}.Debug|Mixed Platforms.Build.0 = Debug|Any CPU
		{3F8981AD-2988-46D3-97F9-7F2BBEF88E14}.Debug|Win32.ActiveCfg = Debug|Any CPU
		{3F8981AD-2988-46D3-97F9-7F2BBEF88E14}.Debug|x86.ActiveCfg = Debug|x86
		{3F8981AD-2988-46D3-97F9-7F2BBEF88E14}.Debug|x86.Build.0 = Debug|x86
		{3F8981AD-2988-46D3-97F9-7F2BBEF88E14}.Release|Any CPU.ActiveCfg = Release|Any CPU
		{3F8981AD-2988-46D3-97F9-7F2BBEF88E14}.Release|Any CPU.Build.0 = Release|Any CPU
		{3F8981AD-2988-46D3-97F9-7F2BBEF88E14}.Release|Mixed Platforms.ActiveCfg = Release|Any CPU
		{3F8981AD-2988-46D3-97F9-7F2BBEF88E14}.Release|Mixed Platforms.Build.0 = Release|Any CPU
		{3F8981AD-2988-46D3-97F9-7F2BBEF88E14}.Release|Win32.ActiveCfg = Release|Any CPU
		{3F8981AD-2988-46D3-97F9-7F2BBEF88E14}.Release|x86.ActiveCfg = Release|Any CPU
		{36122163-CF85-47EE-9FB0-C7E75D91CDB4}.Debug|Any CPU.ActiveCfg = Debug|x86
		{36122163-CF85-47EE-9FB0-C7E75D91CDB4}.Debug|Mixed Platforms.ActiveCfg = Debug|x86
		{36122163-CF85-47EE-9FB0-C7E75D91CDB4}.Debug|Mixed Platforms.Build.0 = Debug|x86
		{36122163-CF85-47EE-9FB0-C7E75D91CDB4}.Debug|Win32.ActiveCfg = Debug|x86
		{36122163-CF85-47EE-9FB0-C7E75D91CDB4}.Debug|x86.ActiveCfg = Debug|x86
		{36122163-CF85-47EE-9FB0-C7E75D91CDB4}.Debug|x86.Build.0 = Debug|x86
		{36122163-CF85-47EE-9FB0-C7E75D91CDB4}.Release|Any CPU.ActiveCfg = Release|x86
		{36122163-CF85-47EE-9FB0-C7E75D91CDB4}.Release|Mixed Platforms.ActiveCfg = Release|x86
		{36122163-CF85-47EE-9FB0-C7E75D91CDB4}.Release|Mixed Platforms.Build.0 = Release|x86
		{36122163-CF85-47EE-9FB0-C7E75D91CDB4}.Release|Win32.ActiveCfg = Release|x86
		{36122163-CF85-47EE-9FB0-C7E75D91CDB4}.Release|x86.ActiveCfg = Release|x86
		{36122163-CF85-47EE-9FB0-C7E75D91CDB4}.Release|x86.Build.0 = Release|x86
	EndGlobalSection
	GlobalSection(SolutionProperties) = preSolution
		HideSolutionNode = FALSE
	EndGlobalSection
	GlobalSection(NestedProjects) = preSolution
		{7F773E09-685E-4AA7-BD39-F6B2BEBF780A} = {DE82DE86-9641-4895-B971-B30C39F0EB37}
		{EDE8BF87-586F-4584-83BA-7184D80956F3} = {DE82DE86-9641-4895-B971-B30C39F0EB37}
	EndGlobalSection
EndGlobal
